
Microsoft Visual Studio Solution File, Format Version 12.00
# Visual Studio Version 17
VisualStudioVersion = 17.5.33516.290
MinimumVisualStudioVersion = 10.0.40219.1
Project("{FAE04EC0-301F-11D3-BF4B-00C04F79EFBC}") = "ShippingQuote", "ShippingQuote\ShippingQuote.csproj", "{334164E7-3A8D-4F9D-9901-40F98C96D870}"
EndProject
Global
	GlobalSection(SolutionConfigurationPlatforms) = preSolution
		Debug|Any CPU = Debug|Any CPU
		Release|Any CPU = Release|Any CPU
	EndGlobalSection
	GlobalSection(ProjectConfigurationPlatforms) = postSolution
		{334164E7-3A8D-4F9D-9901-40F98C96D870}.Debug|Any CPU.ActiveCfg = Debug|Any CPU
		{334164E7-3A8D-4F9D-9901-40F98C96D870}.Debug|Any CPU.Build.0 = Debug|Any CPU
		{334164E7-3A8D-4F9D-9901-40F98C96D870}.Release|Any CPU.ActiveCfg = Release|Any CPU
		{334164E7-3A8D-4F9D-9901-40F98C96D870}.Release|Any CPU.Build.0 = Release|Any CPU
	EndGlobalSection
	GlobalSection(SolutionProperties) = preSolution
		HideSolutionNode = FALSE
	EndGlobalSection
	GlobalSection(ExtensibilityGlobals) = postSolution
		SolutionGuid = {14F0FA09-405E-46A3-9C77-AAE5C6FCC26B}
	EndGlobalSection
EndGlobal
