
Microsoft Visual Studio Solution File, Format Version 12.00
# Visual Studio Version 17
VisualStudioVersion = 17.5.33516.290
MinimumVisualStudioVersion = 10.0.40219.1
Project("{FAE04EC0-301F-11D3-BF4B-00C04F79EFBC}") = "ConsoleApp", "ConsoleApp\ConsoleApp.csproj", "{8CC50CB4-6459-4919-9100-120A2B2CDBA1}"
EndProject
Global
	GlobalSection(SolutionConfigurationPlatforms) = preSolution
		Debug|Any CPU = Debug|Any CPU
		Release|Any CPU = Release|Any CPU
	EndGlobalSection
	GlobalSection(ProjectConfigurationPlatforms) = postSolution
		{8CC50CB4-6459-4919-9100-120A2B2CDBA1}.Debug|Any CPU.ActiveCfg = Debug|Any CPU
		{8CC50CB4-6459-4919-9100-120A2B2CDBA1}.Debug|Any CPU.Build.0 = Debug|Any CPU
		{8CC50CB4-6459-4919-9100-120A2B2CDBA1}.Release|Any CPU.ActiveCfg = Release|Any CPU
		{8CC50CB4-6459-4919-9100-120A2B2CDBA1}.Release|Any CPU.Build.0 = Release|Any CPU
	EndGlobalSection
	GlobalSection(SolutionProperties) = preSolution
		HideSolutionNode = FALSE
	EndGlobalSection
	GlobalSection(ExtensibilityGlobals) = postSolution
		SolutionGuid = {A4CCF19D-B390-444D-AD29-D646E5FE9960}
	EndGlobalSection
EndGlobal
