
Microsoft Visual Studio Solution File, Format Version 12.00
# Visual Studio Version 17
VisualStudioVersion = 17.5.33516.290
MinimumVisualStudioVersion = 10.0.40219.1
Project("{FAE04EC0-301F-11D3-BF4B-00C04F79EFBC}") = "ConsoleApp1-6Assignment", "ConsoleApp1-6Assignment\ConsoleApp1-6Assignment.csproj", "{E4B4C21E-0810-4F6F-978C-2C1278162BB3}"
EndProject
Global
	GlobalSection(SolutionConfigurationPlatforms) = preSolution
		Debug|Any CPU = Debug|Any CPU
		Release|Any CPU = Release|Any CPU
	EndGlobalSection
	GlobalSection(ProjectConfigurationPlatforms) = postSolution
		{E4B4C21E-0810-4F6F-978C-2C1278162BB3}.Debug|Any CPU.ActiveCfg = Debug|Any CPU
		{E4B4C21E-0810-4F6F-978C-2C1278162BB3}.Debug|Any CPU.Build.0 = Debug|Any CPU
		{E4B4C21E-0810-4F6F-978C-2C1278162BB3}.Release|Any CPU.ActiveCfg = Release|Any CPU
		{E4B4C21E-0810-4F6F-978C-2C1278162BB3}.Release|Any CPU.Build.0 = Release|Any CPU
	EndGlobalSection
	GlobalSection(SolutionProperties) = preSolution
		HideSolutionNode = FALSE
	EndGlobalSection
	GlobalSection(ExtensibilityGlobals) = postSolution
		SolutionGuid = {75BEA9AC-871E-4DC3-BBAC-15684A4F59D8}
	EndGlobalSection
EndGlobal
