
Microsoft Visual Studio Solution File, Format Version 12.00
# Visual Studio Version 17
VisualStudioVersion = 17.5.33516.290
MinimumVisualStudioVersion = 10.0.40219.1
Project("{FAE04EC0-301F-11D3-BF4B-00C04F79EFBC}") = "ArrayAssignment", "ArrayAssignment\ArrayAssignment.csproj", "{AF827AF3-FDCC-482C-8904-5D5C1DC86462}"
EndProject
Global
	GlobalSection(SolutionConfigurationPlatforms) = preSolution
		Debug|Any CPU = Debug|Any CPU
		Release|Any CPU = Release|Any CPU
	EndGlobalSection
	GlobalSection(ProjectConfigurationPlatforms) = postSolution
		{AF827AF3-FDCC-482C-8904-5D5C1DC86462}.Debug|Any CPU.ActiveCfg = Debug|Any CPU
		{AF827AF3-FDCC-482C-8904-5D5C1DC86462}.Debug|Any CPU.Build.0 = Debug|Any CPU
		{AF827AF3-FDCC-482C-8904-5D5C1DC86462}.Release|Any CPU.ActiveCfg = Release|Any CPU
		{AF827AF3-FDCC-482C-8904-5D5C1DC86462}.Release|Any CPU.Build.0 = Release|Any CPU
	EndGlobalSection
	GlobalSection(SolutionProperties) = preSolution
		HideSolutionNode = FALSE
	EndGlobalSection
	GlobalSection(ExtensibilityGlobals) = postSolution
		SolutionGuid = {8E3A5068-3DE4-4A6D-857B-696368BC65A1}
	EndGlobalSection
EndGlobal
