
Microsoft Visual Studio Solution File, Format Version 12.00
# Visual Studio Version 17
VisualStudioVersion = 17.5.33516.290
MinimumVisualStudioVersion = 10.0.40219.1
Project("{FAE04EC0-301F-11D3-BF4B-00C04F79EFBC}") = "PolymorphismInterface", "PolymorphismInterface\PolymorphismInterface.csproj", "{6264DF1C-FCB1-42DA-A117-B043FDF54232}"
EndProject
Global
	GlobalSection(SolutionConfigurationPlatforms) = preSolution
		Debug|Any CPU = Debug|Any CPU
		Release|Any CPU = Release|Any CPU
	EndGlobalSection
	GlobalSection(ProjectConfigurationPlatforms) = postSolution
		{6264DF1C-FCB1-42DA-A117-B043FDF54232}.Debug|Any CPU.ActiveCfg = Debug|Any CPU
		{6264DF1C-FCB1-42DA-A117-B043FDF54232}.Debug|Any CPU.Build.0 = Debug|Any CPU
		{6264DF1C-FCB1-42DA-A117-B043FDF54232}.Release|Any CPU.ActiveCfg = Release|Any CPU
		{6264DF1C-FCB1-42DA-A117-B043FDF54232}.Release|Any CPU.Build.0 = Release|Any CPU
	EndGlobalSection
	GlobalSection(SolutionProperties) = preSolution
		HideSolutionNode = FALSE
	EndGlobalSection
	GlobalSection(ExtensibilityGlobals) = postSolution
		SolutionGuid = {1D828B6F-61DA-4E10-8B0F-3C1E4449AFF3}
	EndGlobalSection
EndGlobal
